
Microsoft Visual Studio Solution File, Format Version 12.00
# Visual Studio Version 17
VisualStudioVersion = 17.4.33213.308
MinimumVisualStudioVersion = 10.0.40219.1
Project("{FAE04EC0-301F-11D3-BF4B-00C04F79EFBC}") = "S3G1-PVFAPP", "S3G1-PVFAPP\S3G1-PVFAPP.csproj", "{F8488E2E-AED6-4980-A04E-BBDD931F4C63}"
EndProject
Global
	GlobalSection(SolutionConfigurationPlatforms) = preSolution
		Debug|Any CPU = Debug|Any CPU
		Release|Any CPU = Release|Any CPU
	EndGlobalSection
	GlobalSection(ProjectConfigurationPlatforms) = postSolution
		{F8488E2E-AED6-4980-A04E-BBDD931F4C63}.Debug|Any CPU.ActiveCfg = Debug|Any CPU
		{F8488E2E-AED6-4980-A04E-BBDD931F4C63}.Debug|Any CPU.Build.0 = Debug|Any CPU
		{F8488E2E-AED6-4980-A04E-BBDD931F4C63}.Release|Any CPU.ActiveCfg = Release|Any CPU
		{F8488E2E-AED6-4980-A04E-BBDD931F4C63}.Release|Any CPU.Build.0 = Release|Any CPU
	EndGlobalSection
	GlobalSection(SolutionProperties) = preSolution
		HideSolutionNode = FALSE
	EndGlobalSection
	GlobalSection(ExtensibilityGlobals) = postSolution
		SolutionGuid = {99911BFD-B828-4B8D-82B2-E5111C23CCBA}
	EndGlobalSection
EndGlobal
